
Microsoft Visual Studio Solution File, Format Version 12.00
# Visual Studio 2013
VisualStudioVersion = 12.0.31101.0
MinimumVisualStudioVersion = 10.0.40219.1
Project("{FAE04EC0-301F-11D3-BF4B-00C04F79EFBC}") = "Log4NetMessageEncryptor", "src\Log4NetMessageEncryptor\Log4NetMessageEncryptor.csproj", "{FC66DD47-93D4-4191-AC8F-454BA3616FB6}"
EndProject
Project("{2150E333-8FDC-42A3-9474-1A3956D46DE8}") = "src", "src", "{E1F048B6-9E88-4186-B28F-093DFFC96CA4}"
EndProject
Project("{2150E333-8FDC-42A3-9474-1A3956D46DE8}") = "test", "test", "{1F55C7C1-0EAD-4EBF-96C6-CB7C153DFF33}"
EndProject
Project("{FAE04EC0-301F-11D3-BF4B-00C04F79EFBC}") = "Test.Log4NetMessageEncryptor", "test\Test.Log4NetMessageEncryptor\Test.Log4NetMessageEncryptor.csproj", "{28554DB7-5C83-4B1B-95FD-F24786AAA47B}"
EndProject
Project("{2150E333-8FDC-42A3-9474-1A3956D46DE8}") = ".nuget", ".nuget", "{44C21A8E-2815-40FD-B76F-155CDEDED3C3}"
	ProjectSection(SolutionItems) = preProject
		.nuget\NuGet.Config = .nuget\NuGet.Config
		.nuget\NuGet.exe = .nuget\NuGet.exe
		.nuget\NuGet.targets = .nuget\NuGet.targets
	EndProjectSection
EndProject
Project("{2150E333-8FDC-42A3-9474-1A3956D46DE8}") = "sample", "sample", "{AD97421E-08F1-4777-BD53-045B197650FE}"
EndProject
Project("{FAE04EC0-301F-11D3-BF4B-00C04F79EFBC}") = "MessageEncryptorExample", "sample\MessageEncryptorExample\MessageEncryptorExample.csproj", "{80AABFB1-EB9D-43B6-9F16-51F7D0ABAA04}"
EndProject
Project("{2150E333-8FDC-42A3-9474-1A3956D46DE8}") = "Solution Items", "Solution Items", "{7AAFF8D9-2AE2-4174-A7C2-339ABB233D4B}"
	ProjectSection(SolutionItems) = preProject
		LICENSE = LICENSE
		README.md = README.md
	EndProjectSection
EndProject
Project("{2150E333-8FDC-42A3-9474-1A3956D46DE8}") = "tools", "tools", "{39CABD11-2CC6-490C-B652-5C9A5C859F6A}"
EndProject
Project("{FAE04EC0-301F-11D3-BF4B-00C04F79EFBC}") = "KeyGen", "src\Tools\KeyGen\KeyGen.csproj", "{9E3D5C62-B5BA-4213-A4DB-CB523528713C}"
EndProject
Project("{FAE04EC0-301F-11D3-BF4B-00C04F79EFBC}") = "Log4NetMessageEncryptor[1.2.10]", "src\Log4NetMessageEncryptor[1.2.10]\Log4NetMessageEncryptor[1.2.10].csproj", "{82EB6D68-C1DF-4118-A51E-9895FD17B688}"
EndProject
Project("{FAE04EC0-301F-11D3-BF4B-00C04F79EFBC}") = "Log4NetMessageEncryptor[2.0.0]", "src\Log4NetMessageEncryptor[2.0.0]\Log4NetMessageEncryptor[2.0.0].csproj", "{FEF51FE8-863A-4B3B-94AC-8658F76F0221}"
EndProject
Project("{FAE04EC0-301F-11D3-BF4B-00C04F79EFBC}") = "Log4NetMessageEncryptor[2.0.1]", "src\Log4NetMessageEncryptor[2.0.1]\Log4NetMessageEncryptor[2.0.1].csproj", "{230DFDE3-7EFC-4A50-AA8D-866498148429}"
EndProject
Project("{FAE04EC0-301F-11D3-BF4B-00C04F79EFBC}") = "Log4NetMessageEncryptor[2.0.2]", "src\Log4NetMessageEncryptor[2.0.2]\Log4NetMessageEncryptor[2.0.2].csproj", "{D0586A27-C474-4B88-8210-4242B1F9104F}"
EndProject
Project("{FAE04EC0-301F-11D3-BF4B-00C04F79EFBC}") = "Log4NetMessageEncryptor[2.0.3]", "src\Log4NetMessageEncryptor[2.0.3]\Log4NetMessageEncryptor[2.0.3].csproj", "{94E4DBC5-062E-4F57-987E-CD8BBFDE581D}"
EndProject
Project("{FAE04EC0-301F-11D3-BF4B-00C04F79EFBC}") = "LogDecrypt", "src\Tools\LogDecrypt\LogDecrypt.csproj", "{6A1B6F1D-112B-43C2-8CB7-0CCBCCBAC3A7}"
EndProject
Project("{FAE04EC0-301F-11D3-BF4B-00C04F79EFBC}") = "AcceptanceTests.Log4NetMessageEncryptor", "test\AcceptanceTests.Log4NetMessageEncryptor\AcceptanceTests.Log4NetMessageEncryptor.csproj", "{5E4C9163-FF44-4790-B3D8-7F3191442976}"
EndProject
Global
	GlobalSection(SolutionConfigurationPlatforms) = preSolution
		Debug|Any CPU = Debug|Any CPU
		Release|Any CPU = Release|Any CPU
	EndGlobalSection
	GlobalSection(ProjectConfigurationPlatforms) = postSolution
		{FC66DD47-93D4-4191-AC8F-454BA3616FB6}.Debug|Any CPU.ActiveCfg = Debug|Any CPU
		{FC66DD47-93D4-4191-AC8F-454BA3616FB6}.Debug|Any CPU.Build.0 = Debug|Any CPU
		{FC66DD47-93D4-4191-AC8F-454BA3616FB6}.Release|Any CPU.ActiveCfg = Release|Any CPU
		{FC66DD47-93D4-4191-AC8F-454BA3616FB6}.Release|Any CPU.Build.0 = Release|Any CPU
		{28554DB7-5C83-4B1B-95FD-F24786AAA47B}.Debug|Any CPU.ActiveCfg = Debug|Any CPU
		{28554DB7-5C83-4B1B-95FD-F24786AAA47B}.Debug|Any CPU.Build.0 = Debug|Any CPU
		{28554DB7-5C83-4B1B-95FD-F24786AAA47B}.Release|Any CPU.ActiveCfg = Release|Any CPU
		{28554DB7-5C83-4B1B-95FD-F24786AAA47B}.Release|Any CPU.Build.0 = Release|Any CPU
		{80AABFB1-EB9D-43B6-9F16-51F7D0ABAA04}.Debug|Any CPU.ActiveCfg = Debug|Any CPU
		{80AABFB1-EB9D-43B6-9F16-51F7D0ABAA04}.Debug|Any CPU.Build.0 = Debug|Any CPU
		{80AABFB1-EB9D-43B6-9F16-51F7D0ABAA04}.Release|Any CPU.ActiveCfg = Release|Any CPU
		{80AABFB1-EB9D-43B6-9F16-51F7D0ABAA04}.Release|Any CPU.Build.0 = Release|Any CPU
		{9E3D5C62-B5BA-4213-A4DB-CB523528713C}.Debug|Any CPU.ActiveCfg = Debug|Any CPU
		{9E3D5C62-B5BA-4213-A4DB-CB523528713C}.Debug|Any CPU.Build.0 = Debug|Any CPU
		{9E3D5C62-B5BA-4213-A4DB-CB523528713C}.Release|Any CPU.ActiveCfg = Release|Any CPU
		{9E3D5C62-B5BA-4213-A4DB-CB523528713C}.Release|Any CPU.Build.0 = Release|Any CPU
		{82EB6D68-C1DF-4118-A51E-9895FD17B688}.Debug|Any CPU.ActiveCfg = Debug|Any CPU
		{82EB6D68-C1DF-4118-A51E-9895FD17B688}.Debug|Any CPU.Build.0 = Debug|Any CPU
		{82EB6D68-C1DF-4118-A51E-9895FD17B688}.Release|Any CPU.ActiveCfg = Release|Any CPU
		{82EB6D68-C1DF-4118-A51E-9895FD17B688}.Release|Any CPU.Build.0 = Release|Any CPU
		{FEF51FE8-863A-4B3B-94AC-8658F76F0221}.Debug|Any CPU.ActiveCfg = Debug|Any CPU
		{FEF51FE8-863A-4B3B-94AC-8658F76F0221}.Debug|Any CPU.Build.0 = Debug|Any CPU
		{FEF51FE8-863A-4B3B-94AC-8658F76F0221}.Release|Any CPU.ActiveCfg = Release|Any CPU
		{FEF51FE8-863A-4B3B-94AC-8658F76F0221}.Release|Any CPU.Build.0 = Release|Any CPU
		{230DFDE3-7EFC-4A50-AA8D-866498148429}.Debug|Any CPU.ActiveCfg = Debug|Any CPU
		{230DFDE3-7EFC-4A50-AA8D-866498148429}.Debug|Any CPU.Build.0 = Debug|Any CPU
		{230DFDE3-7EFC-4A50-AA8D-866498148429}.Release|Any CPU.ActiveCfg = Release|Any CPU
		{230DFDE3-7EFC-4A50-AA8D-866498148429}.Release|Any CPU.Build.0 = Release|Any CPU
		{D0586A27-C474-4B88-8210-4242B1F9104F}.Debug|Any CPU.ActiveCfg = Debug|Any CPU
		{D0586A27-C474-4B88-8210-4242B1F9104F}.Debug|Any CPU.Build.0 = Debug|Any CPU
		{D0586A27-C474-4B88-8210-4242B1F9104F}.Release|Any CPU.ActiveCfg = Release|Any CPU
		{D0586A27-C474-4B88-8210-4242B1F9104F}.Release|Any CPU.Build.0 = Release|Any CPU
		{94E4DBC5-062E-4F57-987E-CD8BBFDE581D}.Debug|Any CPU.ActiveCfg = Debug|Any CPU
		{94E4DBC5-062E-4F57-987E-CD8BBFDE581D}.Debug|Any CPU.Build.0 = Debug|Any CPU
		{94E4DBC5-062E-4F57-987E-CD8BBFDE581D}.Release|Any CPU.ActiveCfg = Release|Any CPU
		{94E4DBC5-062E-4F57-987E-CD8BBFDE581D}.Release|Any CPU.Build.0 = Release|Any CPU
		{6A1B6F1D-112B-43C2-8CB7-0CCBCCBAC3A7}.Debug|Any CPU.ActiveCfg = Debug|Any CPU
		{6A1B6F1D-112B-43C2-8CB7-0CCBCCBAC3A7}.Debug|Any CPU.Build.0 = Debug|Any CPU
		{6A1B6F1D-112B-43C2-8CB7-0CCBCCBAC3A7}.Release|Any CPU.ActiveCfg = Release|Any CPU
		{6A1B6F1D-112B-43C2-8CB7-0CCBCCBAC3A7}.Release|Any CPU.Build.0 = Release|Any CPU
		{5E4C9163-FF44-4790-B3D8-7F3191442976}.Debug|Any CPU.ActiveCfg = Debug|Any CPU
		{5E4C9163-FF44-4790-B3D8-7F3191442976}.Debug|Any CPU.Build.0 = Debug|Any CPU
		{5E4C9163-FF44-4790-B3D8-7F3191442976}.Release|Any CPU.ActiveCfg = Release|Any CPU
		{5E4C9163-FF44-4790-B3D8-7F3191442976}.Release|Any CPU.Build.0 = Release|Any CPU
	EndGlobalSection
	GlobalSection(SolutionProperties) = preSolution
		HideSolutionNode = FALSE
	EndGlobalSection
	GlobalSection(NestedProjects) = preSolution
		{FC66DD47-93D4-4191-AC8F-454BA3616FB6} = {E1F048B6-9E88-4186-B28F-093DFFC96CA4}
		{28554DB7-5C83-4B1B-95FD-F24786AAA47B} = {1F55C7C1-0EAD-4EBF-96C6-CB7C153DFF33}
		{80AABFB1-EB9D-43B6-9F16-51F7D0ABAA04} = {AD97421E-08F1-4777-BD53-045B197650FE}
		{39CABD11-2CC6-490C-B652-5C9A5C859F6A} = {E1F048B6-9E88-4186-B28F-093DFFC96CA4}
		{9E3D5C62-B5BA-4213-A4DB-CB523528713C} = {39CABD11-2CC6-490C-B652-5C9A5C859F6A}
		{82EB6D68-C1DF-4118-A51E-9895FD17B688} = {E1F048B6-9E88-4186-B28F-093DFFC96CA4}
		{FEF51FE8-863A-4B3B-94AC-8658F76F0221} = {E1F048B6-9E88-4186-B28F-093DFFC96CA4}
		{230DFDE3-7EFC-4A50-AA8D-866498148429} = {E1F048B6-9E88-4186-B28F-093DFFC96CA4}
		{D0586A27-C474-4B88-8210-4242B1F9104F} = {E1F048B6-9E88-4186-B28F-093DFFC96CA4}
		{94E4DBC5-062E-4F57-987E-CD8BBFDE581D} = {E1F048B6-9E88-4186-B28F-093DFFC96CA4}
		{6A1B6F1D-112B-43C2-8CB7-0CCBCCBAC3A7} = {39CABD11-2CC6-490C-B652-5C9A5C859F6A}
		{5E4C9163-FF44-4790-B3D8-7F3191442976} = {1F55C7C1-0EAD-4EBF-96C6-CB7C153DFF33}
	EndGlobalSection
EndGlobal
